
Microsoft Visual Studio Solution File, Format Version 12.00
# Visual Studio 2012
Project("{FAE04EC0-301F-11D3-BF4B-00C04F79EFBC}") = "SampleEffects", "SampleEffects\SampleEffects.csproj", "{D5A6040E-B7A3-42B5-83AF-D981B277B5A2}"
EndProject
Project("{FAE04EC0-301F-11D3-BF4B-00C04F79EFBC}") = "SampleEffects.iOS", "iOS\SampleEffects.iOS.csproj", "{DC5608BD-C141-44F4-B605-2C8196E171B6}"
EndProject
Project("{FAE04EC0-301F-11D3-BF4B-00C04F79EFBC}") = "SampleEffects.Droid", "Droid\SampleEffects.Droid.csproj", "{02498779-BC47-4004-88F5-378B40CFCA40}"
EndProject
Global
	GlobalSection(SolutionConfigurationPlatforms) = preSolution
		Debug|Any CPU = Debug|Any CPU
		Release|Any CPU = Release|Any CPU
		Debug|iPhoneSimulator = Debug|iPhoneSimulator
		Release|iPhone = Release|iPhone
		Release|iPhoneSimulator = Release|iPhoneSimulator
		Debug|iPhone = Debug|iPhone
	EndGlobalSection
	GlobalSection(ProjectConfigurationPlatforms) = postSolution
		{D5A6040E-B7A3-42B5-83AF-D981B277B5A2}.Debug|Any CPU.ActiveCfg = Debug|Any CPU
		{D5A6040E-B7A3-42B5-83AF-D981B277B5A2}.Debug|Any CPU.Build.0 = Debug|Any CPU
		{D5A6040E-B7A3-42B5-83AF-D981B277B5A2}.Release|Any CPU.ActiveCfg = Release|Any CPU
		{D5A6040E-B7A3-42B5-83AF-D981B277B5A2}.Release|Any CPU.Build.0 = Release|Any CPU
		{D5A6040E-B7A3-42B5-83AF-D981B277B5A2}.Debug|iPhoneSimulator.ActiveCfg = Debug|Any CPU
		{D5A6040E-B7A3-42B5-83AF-D981B277B5A2}.Debug|iPhoneSimulator.Build.0 = Debug|Any CPU
		{D5A6040E-B7A3-42B5-83AF-D981B277B5A2}.Release|iPhone.ActiveCfg = Release|Any CPU
		{D5A6040E-B7A3-42B5-83AF-D981B277B5A2}.Release|iPhone.Build.0 = Release|Any CPU
		{D5A6040E-B7A3-42B5-83AF-D981B277B5A2}.Release|iPhoneSimulator.ActiveCfg = Release|Any CPU
		{D5A6040E-B7A3-42B5-83AF-D981B277B5A2}.Release|iPhoneSimulator.Build.0 = Release|Any CPU
		{D5A6040E-B7A3-42B5-83AF-D981B277B5A2}.Debug|iPhone.ActiveCfg = Debug|Any CPU
		{D5A6040E-B7A3-42B5-83AF-D981B277B5A2}.Debug|iPhone.Build.0 = Debug|Any CPU
		{DC5608BD-C141-44F4-B605-2C8196E171B6}.Debug|Any CPU.ActiveCfg = Debug|iPhoneSimulator
		{DC5608BD-C141-44F4-B605-2C8196E171B6}.Debug|Any CPU.Build.0 = Debug|iPhoneSimulator
		{DC5608BD-C141-44F4-B605-2C8196E171B6}.Release|Any CPU.ActiveCfg = Release|iPhone
		{DC5608BD-C141-44F4-B605-2C8196E171B6}.Release|Any CPU.Build.0 = Release|iPhone
		{DC5608BD-C141-44F4-B605-2C8196E171B6}.Debug|iPhoneSimulator.ActiveCfg = Debug|iPhoneSimulator
		{DC5608BD-C141-44F4-B605-2C8196E171B6}.Debug|iPhoneSimulator.Build.0 = Debug|iPhoneSimulator
		{DC5608BD-C141-44F4-B605-2C8196E171B6}.Release|iPhone.ActiveCfg = Release|iPhone
		{DC5608BD-C141-44F4-B605-2C8196E171B6}.Release|iPhone.Build.0 = Release|iPhone
		{DC5608BD-C141-44F4-B605-2C8196E171B6}.Release|iPhoneSimulator.ActiveCfg = Release|iPhoneSimulator
		{DC5608BD-C141-44F4-B605-2C8196E171B6}.Release|iPhoneSimulator.Build.0 = Release|iPhoneSimulator
		{DC5608BD-C141-44F4-B605-2C8196E171B6}.Debug|iPhone.ActiveCfg = Debug|iPhone
		{DC5608BD-C141-44F4-B605-2C8196E171B6}.Debug|iPhone.Build.0 = Debug|iPhone
		{02498779-BC47-4004-88F5-378B40CFCA40}.Debug|Any CPU.ActiveCfg = Debug|Any CPU
		{02498779-BC47-4004-88F5-378B40CFCA40}.Debug|Any CPU.Build.0 = Debug|Any CPU
		{02498779-BC47-4004-88F5-378B40CFCA40}.Release|Any CPU.ActiveCfg = Release|Any CPU
		{02498779-BC47-4004-88F5-378B40CFCA40}.Release|Any CPU.Build.0 = Release|Any CPU
		{02498779-BC47-4004-88F5-378B40CFCA40}.Debug|iPhoneSimulator.ActiveCfg = Debug|Any CPU
		{02498779-BC47-4004-88F5-378B40CFCA40}.Debug|iPhoneSimulator.Build.0 = Debug|Any CPU
		{02498779-BC47-4004-88F5-378B40CFCA40}.Release|iPhone.ActiveCfg = Release|Any CPU
		{02498779-BC47-4004-88F5-378B40CFCA40}.Release|iPhone.Build.0 = Release|Any CPU
		{02498779-BC47-4004-88F5-378B40CFCA40}.Release|iPhoneSimulator.ActiveCfg = Release|Any CPU
		{02498779-BC47-4004-88F5-378B40CFCA40}.Release|iPhoneSimulator.Build.0 = Release|Any CPU
		{02498779-BC47-4004-88F5-378B40CFCA40}.Debug|iPhone.ActiveCfg = Debug|Any CPU
		{02498779-BC47-4004-88F5-378B40CFCA40}.Debug|iPhone.Build.0 = Debug|Any CPU
	EndGlobalSection
EndGlobal
